// !$*UTF8*$!
{
	archiveVersion = 1;
	classes = {
	};
	objectVersion = 50;
	objects = {

/* Begin PBXBuildFile section */
		C8A47ADB25A96BD4001350F1 /* AppDelegate.swift in Sources */ = {isa = PBXBuildFile; fileRef = C8A47ADA25A96BD4001350F1 /* AppDelegate.swift */; };
		C8A47ADD25A96BD4001350F1 /* SceneDelegate.swift in Sources */ = {isa = PBXBuildFile; fileRef = C8A47ADC25A96BD4001350F1 /* SceneDelegate.swift */; };
		C8A47ADF25A96BD4001350F1 /* ViewController.swift in Sources */ = {isa = PBXBuildFile; fileRef = C8A47ADE25A96BD4001350F1 /* ViewController.swift */; };
		C8A47AE225A96BD4001350F1 /* Main.storyboard in Resources */ = {isa = PBXBuildFile; fileRef = C8A47AE025A96BD4001350F1 /* Main.storyboard */; };
		C8A47AE425A96BD5001350F1 /* Assets.xcassets in Resources */ = {isa = PBXBuildFile; fileRef = C8A47AE325A96BD5001350F1 /* Assets.xcassets */; };
		C8A47AE725A96BD5001350F1 /* LaunchScreen.storyboard in Resources */ = {isa = PBXBuildFile; fileRef = C8A47AE525A96BD5001350F1 /* LaunchScreen.storyboard */; };
		C8A47AF225A96BD5001350F1 /* PreworkTests.swift in Sources */ = {isa = PBXBuildFile; fileRef = C8A47AF125A96BD5001350F1 /* PreworkTests.swift */; };
		C8A47AFD25A96BD5001350F1 /* PreworkUITests.swift in Sources */ = {isa = PBXBuildFile; fileRef = C8A47AFC25A96BD5001350F1 /* PreworkUITests.swift */; };
		C8BD8CB125AFA27000FAB115 /* SettingsViewController.swift in Sources */ = {isa = PBXBuildFile; fileRef = C8BD8CB025AFA27000FAB115 /* SettingsViewController.swift */; };
		C8BD8CBB25AFFD9800FAB115 /* Theme.swift in Sources */ = {isa = PBXBuildFile; fileRef = C8BD8CBA25AFFD9800FAB115 /* Theme.swift */; };
		C8BD8CC025AFFE3800FAB115 /* Colors.xcassets in Resources */ = {isa = PBXBuildFile; fileRef = C8BD8CBF25AFFE3800FAB115 /* Colors.xcassets */; };
/* End PBXBuildFile section */

/* Begin PBXContainerItemProxy section */
		C8A47AEE25A96BD5001350F1 /* PBXContainerItemProxy */ = {
			isa = PBXContainerItemProxy;
			containerPortal = C8A47ACF25A96BD4001350F1 /* Project object */;
			proxyType = 1;
			remoteGlobalIDString = C8A47AD625A96BD4001350F1;
			remoteInfo = Prework;
		};
		C8A47AF925A96BD5001350F1 /* PBXContainerItemProxy */ = {
			isa = PBXContainerItemProxy;
			containerPortal = C8A47ACF25A96BD4001350F1 /* Project object */;
			proxyType = 1;
			remoteGlobalIDString = C8A47AD625A96BD4001350F1;
			remoteInfo = Prework;
		};
/* End PBXContainerItemProxy section */

/* Begin PBXFileReference section */
		C8A47AD725A96BD4001350F1 /* Prework.app */ = {isa = PBXFileReference; explicitFileType = wrapper.application; includeInIndex = 0; path = Prework.app; sourceTree = BUILT_PRODUCTS_DIR; };
		C8A47ADA25A96BD4001350F1 /* AppDelegate.swift */ = {isa = PBXFileReference; lastKnownFileType = sourcecode.swift; path = AppDelegate.swift; sourceTree = "<group>"; };
		C8A47ADC25A96BD4001350F1 /* SceneDelegate.swift */ = {isa = PBXFileReference; lastKnownFileType = sourcecode.swift; path = SceneDelegate.swift; sourceTree = "<group>"; };
		C8A47ADE25A96BD4001350F1 /* ViewController.swift */ = {isa = PBXFileReference; lastKnownFileType = sourcecode.swift; path = ViewController.swift; sourceTree = "<group>"; };
		C8A47AE125A96BD4001350F1 /* Base */ = {isa = PBXFileReference; lastKnownFileType = file.storyboard; name = Base; path = Base.lproj/Main.storyboard; sourceTree = "<group>"; };
		C8A47AE325A96BD5001350F1 /* Assets.xcassets */ = {isa = PBXFileReference; lastKnownFileType = folder.assetcatalog; path = Assets.xcassets; sourceTree = "<group>"; };
		C8A47AE625A96BD5001350F1 /* Base */ = {isa = PBXFileReference; lastKnownFileType = file.storyboard; name = Base; path = Base.lproj/LaunchScreen.storyboard; sourceTree = "<group>"; };
		C8A47AE825A96BD5001350F1 /* Info.plist */ = {isa = PBXFileReference; lastKnownFileType = text.plist.xml; path = Info.plist; sourceTree = "<group>"; };
		C8A47AED25A96BD5001350F1 /* PreworkTests.xctest */ = {isa = PBXFileReference; explicitFileType = wrapper.cfbundle; includeInIndex = 0; path = PreworkTests.xctest; sourceTree = BUILT_PRODUCTS_DIR; };
		C8A47AF125A96BD5001350F1 /* PreworkTests.swift */ = {isa = PBXFileReference; lastKnownFileType = sourcecode.swift; path = PreworkTests.swift; sourceTree = "<group>"; };
		C8A47AF325A96BD5001350F1 /* Info.plist */ = {isa = PBXFileReference; lastKnownFileType = text.plist.xml; path = Info.plist; sourceTree = "<group>"; };
		C8A47AF825A96BD5001350F1 /* PreworkUITests.xctest */ = {isa = PBXFileReference; explicitFileType = wrapper.cfbundle; includeInIndex = 0; path = PreworkUITests.xctest; sourceTree = BUILT_PRODUCTS_DIR; };
		C8A47AFC25A96BD5001350F1 /* PreworkUITests.swift */ = {isa = PBXFileReference; lastKnownFileType = sourcecode.swift; path = PreworkUITests.swift; sourceTree = "<group>"; };
		C8A47AFE25A96BD5001350F1 /* Info.plist */ = {isa = PBXFileReference; lastKnownFileType = text.plist.xml; path = Info.plist; sourceTree = "<group>"; };
		C8BD8CB025AFA27000FAB115 /* SettingsViewController.swift */ = {isa = PBXFileReference; lastKnownFileType = sourcecode.swift; path = SettingsViewController.swift; sourceTree = "<group>"; };
		C8BD8CBA25AFFD9800FAB115 /* Theme.swift */ = {isa = PBXFileReference; lastKnownFileType = sourcecode.swift; path = Theme.swift; sourceTree = "<group>"; };
		C8BD8CBF25AFFE3800FAB115 /* Colors.xcassets */ = {isa = PBXFileReference; lastKnownFileType = folder.assetcatalog; path = Colors.xcassets; sourceTree = "<group>"; };
/* End PBXFileReference section */

/* Begin PBXFrameworksBuildPhase section */
		C8A47AD425A96BD4001350F1 /* Frameworks */ = {
			isa = PBXFrameworksBuildPhase;
			buildActionMask = 2147483647;
			files = (
			);
			runOnlyForDeploymentPostprocessing = 0;
		};
		C8A47AEA25A96BD5001350F1 /* Frameworks */ = {
			isa = PBXFrameworksBuildPhase;
			buildActionMask = 2147483647;
			files = (
			);
			runOnlyForDeploymentPostprocessing = 0;
		};
		C8A47AF525A96BD5001350F1 /* Frameworks */ = {
			isa = PBXFrameworksBuildPhase;
			buildActionMask = 2147483647;
			files = (
			);
			runOnlyForDeploymentPostprocessing = 0;
		};
/* End PBXFrameworksBuildPhase section */

/* Begin PBXGroup section */
		C8A47ACE25A96BD4001350F1 = {
			isa = PBXGroup;
			children = (
				C8A47AD925A96BD4001350F1 /* Prework */,
				C8A47AF025A96BD5001350F1 /* PreworkTests */,
				C8A47AFB25A96BD5001350F1 /* PreworkUITests */,
				C8A47AD825A96BD4001350F1 /* Products */,
			);
			sourceTree = "<group>";
		};
		C8A47AD825A96BD4001350F1 /* Products */ = {
			isa = PBXGroup;
			children = (
				C8A47AD725A96BD4001350F1 /* Prework.app */,
				C8A47AED25A96BD5001350F1 /* PreworkTests.xctest */,
				C8A47AF825A96BD5001350F1 /* PreworkUITests.xctest */,
			);
			name = Products;
			sourceTree = "<group>";
		};
		C8A47AD925A96BD4001350F1 /* Prework */ = {
			isa = PBXGroup;
			children = (
				C8BD8CB925AFFD7900FAB115 /* Resources */,
				C8A47ADA25A96BD4001350F1 /* AppDelegate.swift */,
				C8A47ADC25A96BD4001350F1 /* SceneDelegate.swift */,
				C8A47ADE25A96BD4001350F1 /* ViewController.swift */,
				C8BD8CB025AFA27000FAB115 /* SettingsViewController.swift */,
				C8A47AE025A96BD4001350F1 /* Main.storyboard */,
				C8A47AE325A96BD5001350F1 /* Assets.xcassets */,
				C8A47AE525A96BD5001350F1 /* LaunchScreen.storyboard */,
				C8A47AE825A96BD5001350F1 /* Info.plist */,
			);
			path = Prework;
			sourceTree = "<group>";
		};
		C8A47AF025A96BD5001350F1 /* PreworkTests */ = {
			isa = PBXGroup;
			children = (
				C8A47AF125A96BD5001350F1 /* PreworkTests.swift */,
				C8A47AF325A96BD5001350F1 /* Info.plist */,
			);
			path = PreworkTests;
			sourceTree = "<group>";
		};
		C8A47AFB25A96BD5001350F1 /* PreworkUITests */ = {
			isa = PBXGroup;
			children = (
				C8A47AFC25A96BD5001350F1 /* PreworkUITests.swift */,
				C8A47AFE25A96BD5001350F1 /* Info.plist */,
			);
			path = PreworkUITests;
			sourceTree = "<group>";
		};
		C8BD8CB925AFFD7900FAB115 /* Resources */ = {
			isa = PBXGroup;
			children = (
				C8BD8CBA25AFFD9800FAB115 /* Theme.swift */,
				C8BD8CBF25AFFE3800FAB115 /* Colors.xcassets */,
			);
			path = Resources;
			sourceTree = "<group>";
		};
/* End PBXGroup section */

/* Begin PBXNativeTarget section */
		C8A47AD625A96BD4001350F1 /* Prework */ = {
			isa = PBXNativeTarget;
			buildConfigurationList = C8A47B0125A96BD5001350F1 /* Build configuration list for PBXNativeTarget "Prework" */;
			buildPhases = (
				C8A47AD325A96BD4001350F1 /* Sources */,
				C8A47AD425A96BD4001350F1 /* Frameworks */,
				C8A47AD525A96BD4001350F1 /* Resources */,
			);
			buildRules = (
			);
			dependencies = (
			);
			name = Prework;
			productName = Prework;
			productReference = C8A47AD725A96BD4001350F1 /* Prework.app */;
			productType = "com.apple.product-type.application";
		};
		C8A47AEC25A96BD5001350F1 /* PreworkTests */ = {
			isa = PBXNativeTarget;
			buildConfigurationList = C8A47B0425A96BD5001350F1 /* Build configuration list for PBXNativeTarget "PreworkTests" */;
			buildPhases = (
				C8A47AE925A96BD5001350F1 /* Sources */,
				C8A47AEA25A96BD5001350F1 /* Frameworks */,
				C8A47AEB25A96BD5001350F1 /* Resources */,
			);
			buildRules = (
			);
			dependencies = (
				C8A47AEF25A96BD5001350F1 /* PBXTargetDependency */,
			);
			name = PreworkTests;
			productName = PreworkTests;
			productReference = C8A47AED25A96BD5001350F1 /* PreworkTests.xctest */;
			productType = "com.apple.product-type.bundle.unit-test";
		};
		C8A47AF725A96BD5001350F1 /* PreworkUITests */ = {
			isa = PBXNativeTarget;
			buildConfigurationList = C8A47B0725A96BD5001350F1 /* Build configuration list for PBXNativeTarget "PreworkUITests" */;
			buildPhases = (
				C8A47AF425A96BD5001350F1 /* Sources */,
				C8A47AF525A96BD5001350F1 /* Frameworks */,
				C8A47AF625A96BD5001350F1 /* Resources */,
			);
			buildRules = (
			);
			dependencies = (
				C8A47AFA25A96BD5001350F1 /* PBXTargetDependency */,
			);
			name = PreworkUITests;
			productName = PreworkUITests;
			productReference = C8A47AF825A96BD5001350F1 /* PreworkUITests.xctest */;
			productType = "com.apple.product-type.bundle.ui-testing";
		};
/* End PBXNativeTarget section */

/* Begin PBXProject section */
		C8A47ACF25A96BD4001350F1 /* Project object */ = {
			isa = PBXProject;
			attributes = {
				LastSwiftUpdateCheck = 1230;
				LastUpgradeCheck = 1230;
				TargetAttributes = {
					C8A47AD625A96BD4001350F1 = {
						CreatedOnToolsVersion = 12.3;
					};
					C8A47AEC25A96BD5001350F1 = {
						CreatedOnToolsVersion = 12.3;
						TestTargetID = C8A47AD625A96BD4001350F1;
					};
					C8A47AF725A96BD5001350F1 = {
						CreatedOnToolsVersion = 12.3;
						TestTargetID = C8A47AD625A96BD4001350F1;
					};
				};
			};
			buildConfigurationList = C8A47AD225A96BD4001350F1 /* Build configuration list for PBXProject "Prework" */;
			compatibilityVersion = "Xcode 9.3";
			developmentRegion = en;
			hasScannedForEncodings = 0;
			knownRegions = (
				en,
				Base,
			);
			mainGroup = C8A47ACE25A96BD4001350F1;
			productRefGroup = C8A47AD825A96BD4001350F1 /* Products */;
			projectDirPath = "";
			projectRoot = "";
			targets = (
				C8A47AD625A96BD4001350F1 /* Prework */,
				C8A47AEC25A96BD5001350F1 /* PreworkTests */,
				C8A47AF725A96BD5001350F1 /* PreworkUITests */,
			);
		};
/* End PBXProject section */

/* Begin PBXResourcesBuildPhase section */
		C8A47AD525A96BD4001350F1 /* Resources */ = {
			isa = PBXResourcesBuildPhase;
			buildActionMask = 2147483647;
			files = (
				C8A47AE725A96BD5001350F1 /* LaunchScreen.storyboard in Resources */,
				C8BD8CC025AFFE3800FAB115 /* Colors.xcassets in Resources */,
				C8A47AE425A96BD5001350F1 /* Assets.xcassets in Resources */,
				C8A47AE225A96BD4001350F1 /* Main.storyboard in Resources */,
			);
			runOnlyForDeploymentPostprocessing = 0;
		};
		C8A47AEB25A96BD5001350F1 /* Resources */ = {
			isa = PBXResourcesBuildPhase;
			buildActionMask = 2147483647;
			files = (
			);
			runOnlyForDeploymentPostprocessing = 0;
		};
		C8A47AF625A96BD5001350F1 /* Resources */ = {
			isa = PBXResourcesBuildPhase;
			buildActionMask = 2147483647;
			files = (
			);
			runOnlyForDeploymentPostprocessing = 0;
		};
/* End PBXResourcesBuildPhase section */

/* Begin PBXSourcesBuildPhase section */
		C8A47AD325A96BD4001350F1 /* Sources */ = {
			isa = PBXSourcesBuildPhase;
			buildActionMask = 2147483647;
			files = (
				C8A47ADF25A96BD4001350F1 /* ViewController.swift in Sources */,
				C8A47ADB25A96BD4001350F1 /* AppDelegate.swift in Sources */,
				C8BD8CBB25AFFD9800FAB115 /* Theme.swift in Sources */,
				C8A47ADD25A96BD4001350F1 /* SceneDelegate.swift in Sources */,
				C8BD8CB125AFA27000FAB115 /* SettingsViewController.swift in Sources */,
			);
			runOnlyForDeploymentPostprocessing = 0;
		};
		C8A47AE925A96BD5001350F1 /* Sources */ = {
			isa = PBXSourcesBuildPhase;
			buildActionMask = 2147483647;
			files = (
				C8A47AF225A96BD5001350F1 /* PreworkTests.swift in Sources */,
			);
			runOnlyForDeploymentPostprocessing = 0;
		};
		C8A47AF425A96BD5001350F1 /* Sources */ = {
			isa = PBXSourcesBuildPhase;
			buildActionMask = 2147483647;
			files = (
				C8A47AFD25A96BD5001350F1 /* PreworkUITests.swift in Sources */,
			);
			runOnlyForDeploymentPostprocessing = 0;
		};
/* End PBXSourcesBuildPhase section */

/* Begin PBXTargetDependency section */
		C8A47AEF25A96BD5001350F1 /* PBXTargetDependency */ = {
			isa = PBXTargetDependency;
			target = C8A47AD625A96BD4001350F1 /* Prework */;
			targetProxy = C8A47AEE25A96BD5001350F1 /* PBXContainerItemProxy */;
		};
		C8A47AFA25A96BD5001350F1 /* PBXTargetDependency */ = {
			isa = PBXTargetDependency;
			target = C8A47AD625A96BD4001350F1 /* Prework */;
			targetProxy = C8A47AF925A96BD5001350F1 /* PBXContainerItemProxy */;
		};
/* End PBXTargetDependency section */

/* Begin PBXVariantGroup section */
		C8A47AE025A96BD4001350F1 /* Main.storyboard */ = {
			isa = PBXVariantGroup;
			children = (
				C8A47AE125A96BD4001350F1 /* Base */,
			);
			name = Main.storyboard;
			sourceTree = "<group>";
		};
		C8A47AE525A96BD5001350F1 /* LaunchScreen.storyboard */ = {
			isa = PBXVariantGroup;
			children = (
				C8A47AE625A96BD5001350F1 /* Base */,
			);
			name = LaunchScreen.storyboard;
			sourceTree = "<group>";
		};
/* End PBXVariantGroup section */

/* Begin XCBuildConfiguration section */
		C8A47AFF25A96BD5001350F1 /* Debug */ = {
			isa = XCBuildConfiguration;
			buildSettings = {
				ALWAYS_SEARCH_USER_PATHS = NO;
				CLANG_ANALYZER_NONNULL = YES;
				CLANG_ANALYZER_NUMBER_OBJECT_CONVERSION = YES_AGGRESSIVE;
				CLANG_CXX_LANGUAGE_STANDARD = "gnu++14";
				CLANG_CXX_LIBRARY = "libc++";
				CLANG_ENABLE_MODULES = YES;
				CLANG_ENABLE_OBJC_ARC = YES;
				CLANG_ENABLE_OBJC_WEAK = YES;
				CLANG_WARN_BLOCK_CAPTURE_AUTORELEASING = YES;
				CLANG_WARN_BOOL_CONVERSION = YES;
				CLANG_WARN_COMMA = YES;
				CLANG_WARN_CONSTANT_CONVERSION = YES;
				CLANG_WARN_DEPRECATED_OBJC_IMPLEMENTATIONS = YES;
				CLANG_WARN_DIRECT_OBJC_ISA_USAGE = YES_ERROR;
				CLANG_WARN_DOCUMENTATION_COMMENTS = YES;
				CLANG_WARN_EMPTY_BODY = YES;
				CLANG_WARN_ENUM_CONVERSION = YES;
				CLANG_WARN_INFINITE_RECURSION = YES;
				CLANG_WARN_INT_CONVERSION = YES;
				CLANG_WARN_NON_LITERAL_NULL_CONVERSION = YES;
				CLANG_WARN_OBJC_IMPLICIT_RETAIN_SELF = YES;
				CLANG_WARN_OBJC_LITERAL_CONVERSION = YES;
				CLANG_WARN_OBJC_ROOT_CLASS = YES_ERROR;
				CLANG_WARN_QUOTED_INCLUDE_IN_FRAMEWORK_HEADER = YES;
				CLANG_WARN_RANGE_LOOP_ANALYSIS = YES;
				CLANG_WARN_STRICT_PROTOTYPES = YES;
				CLANG_WARN_SUSPICIOUS_MOVE = YES;
				CLANG_WARN_UNGUARDED_AVAILABILITY = YES_AGGRESSIVE;
				CLANG_WARN_UNREACHABLE_CODE = YES;
				CLANG_WARN__DUPLICATE_METHOD_MATCH = YES;
				COPY_PHASE_STRIP = NO;
				DEBUG_INFORMATION_FORMAT = dwarf;
				ENABLE_STRICT_OBJC_MSGSEND = YES;
				ENABLE_TESTABILITY = YES;
				GCC_C_LANGUAGE_STANDARD = gnu11;
				GCC_DYNAMIC_NO_PIC = NO;
				GCC_NO_COMMON_BLOCKS = YES;
				GCC_OPTIMIZATION_LEVEL = 0;
				GCC_PREPROCESSOR_DEFINITIONS = (
					"DEBUG=1",
					"$(inherited)",
				);
				GCC_WARN_64_TO_32_BIT_CONVERSION = YES;
				GCC_WARN_ABOUT_RETURN_TYPE = YES_ERROR;
				GCC_WARN_UNDECLARED_SELECTOR = YES;
				GCC_WARN_UNINITIALIZED_AUTOS = YES_AGGRESSIVE;
				GCC_WARN_UNUSED_FUNCTION = YES;
				GCC_WARN_UNUSED_VARIABLE = YES;
				IPHONEOS_DEPLOYMENT_TARGET = 14.3;
				MTL_ENABLE_DEBUG_INFO = INCLUDE_SOURCE;
				MTL_FAST_MATH = YES;
				ONLY_ACTIVE_ARCH = YES;
				SDKROOT = iphoneos;
				SWIFT_ACTIVE_COMPILATION_CONDITIONS = DEBUG;
				SWIFT_OPTIMIZATION_LEVEL = "-Onone";
			};
			name = Debug;
		};
		C8A47B0025A96BD5001350F1 /* Release */ = {
			isa = XCBuildConfiguration;
			buildSettings = {
				ALWAYS_SEARCH_USER_PATHS = NO;
				CLANG_ANALYZER_NONNULL = YES;
				CLANG_ANALYZER_NUMBER_OBJECT_CONVERSION = YES_AGGRESSIVE;
				CLANG_CXX_LANGUAGE_STANDARD = "gnu++14";
				CLANG_CXX_LIBRARY = "libc++";
				CLANG_ENABLE_MODULES = YES;
				CLANG_ENABLE_OBJC_ARC = YES;
				CLANG_ENABLE_OBJC_WEAK = YES;
				CLANG_WARN_BLOCK_CAPTURE_AUTORELEASING = YES;
				CLANG_WARN_BOOL_CONVERSION = YES;
				CLANG_WARN_COMMA = YES;
				CLANG_WARN_CONSTANT_CONVERSION = YES;
				CLANG_WARN_DEPRECATED_OBJC_IMPLEMENTATIONS = YES;
				CLANG_WARN_DIRECT_OBJC_ISA_USAGE = YES_ERROR;
				CLANG_WARN_DOCUMENTATION_COMMENTS = YES;
				CLANG_WARN_EMPTY_BODY = YES;
				CLANG_WARN_ENUM_CONVERSION = YES;
				CLANG_WARN_INFINITE_RECURSION = YES;
				CLANG_WARN_INT_CONVERSION = YES;
				CLANG_WARN_NON_LITERAL_NULL_CONVERSION = YES;
				CLANG_WARN_OBJC_IMPLICIT_RETAIN_SELF = YES;
				CLANG_WARN_OBJC_LITERAL_CONVERSION = YES;
				CLANG_WARN_OBJC_ROOT_CLASS = YES_ERROR;
				CLANG_WARN_QUOTED_INCLUDE_IN_FRAMEWORK_HEADER = YES;
				CLANG_WARN_RANGE_LOOP_ANALYSIS = YES;
				CLANG_WARN_STRICT_PROTOTYPES = YES;
				CLANG_WARN_SUSPICIOUS_MOVE = YES;
				CLANG_WARN_UNGUARDED_AVAILABILITY = YES_AGGRESSIVE;
				CLANG_WARN_UNREACHABLE_CODE = YES;
				CLANG_WARN__DUPLICATE_METHOD_MATCH = YES;
				COPY_PHASE_STRIP = NO;
				DEBUG_INFORMATION_FORMAT = "dwarf-with-dsym";
				ENABLE_NS_ASSERTIONS = NO;
				ENABLE_STRICT_OBJC_MSGSEND = YES;
				GCC_C_LANGUAGE_STANDARD = gnu11;
				GCC_NO_COMMON_BLOCKS = YES;
				GCC_WARN_64_TO_32_BIT_CONVERSION = YES;
				GCC_WARN_ABOUT_RETURN_TYPE = YES_ERROR;
				GCC_WARN_UNDECLARED_SELECTOR = YES;
				GCC_WARN_UNINITIALIZED_AUTOS = YES_AGGRESSIVE;
				GCC_WARN_UNUSED_FUNCTION = YES;
				GCC_WARN_UNUSED_VARIABLE = YES;
				IPHONEOS_DEPLOYMENT_TARGET = 14.3;
				MTL_ENABLE_DEBUG_INFO = NO;
				MTL_FAST_MATH = YES;
				SDKROOT = iphoneos;
				SWIFT_COMPILATION_MODE = wholemodule;
				SWIFT_OPTIMIZATION_LEVEL = "-O";
				VALIDATE_PRODUCT = YES;
			};
			name = Release;
		};
		C8A47B0225A96BD5001350F1 /* Debug */ = {
			isa = XCBuildConfiguration;
			buildSettings = {
				ASSETCATALOG_COMPILER_APPICON_NAME = AppIcon;
				ASSETCATALOG_COMPILER_GLOBAL_ACCENT_COLOR_NAME = AccentColor;
				CODE_SIGN_STYLE = Automatic;
				DEVELOPMENT_TEAM = S6Y4S3JGA4;
				INFOPLIST_FILE = Prework/Info.plist;
				LD_RUNPATH_SEARCH_PATHS = (
					"$(inherited)",
					"@executable_path/Frameworks",
				);
				PRODUCT_BUNDLE_IDENTIFIER = "Manraj-Kumar.Prework";
				PRODUCT_NAME = "$(TARGET_NAME)";
				SWIFT_VERSION = 5.0;
				TARGETED_DEVICE_FAMILY = "1,2";
			};
			name = Debug;
		};
		C8A47B0325A96BD5001350F1 /* Release */ = {
			isa = XCBuildConfiguration;
			buildSettings = {
				ASSETCATALOG_COMPILER_APPICON_NAME = AppIcon;
				ASSETCATALOG_COMPILER_GLOBAL_ACCENT_COLOR_NAME = AccentColor;
				CODE_SIGN_STYLE = Automatic;
				DEVELOPMENT_TEAM = S6Y4S3JGA4;
				INFOPLIST_FILE = Prework/Info.plist;
				LD_RUNPATH_SEARCH_PATHS = (
					"$(inherited)",
					"@executable_path/Frameworks",
				);
				PRODUCT_BUNDLE_IDENTIFIER = "Manraj-Kumar.Prework";
				PRODUCT_NAME = "$(TARGET_NAME)";
				SWIFT_VERSION = 5.0;
				TARGETED_DEVICE_FAMILY = "1,2";
			};
			name = Release;
		};
		C8A47B0525A96BD5001350F1 /* Debug */ = {
			isa = XCBuildConfiguration;
			buildSettings = {
				ALWAYS_EMBED_SWIFT_STANDARD_LIBRARIES = YES;
				BUNDLE_LOADER = "$(TEST_HOST)";
				CODE_SIGN_STYLE = Automatic;
				INFOPLIST_FILE = PreworkTests/Info.plist;
				IPHONEOS_DEPLOYMENT_TARGET = 14.3;
				LD_RUNPATH_SEARCH_PATHS = (
					"$(inherited)",
					"@executable_path/Frameworks",
					"@loader_path/Frameworks",
				);
				PRODUCT_BUNDLE_IDENTIFIER = "Manraj-Kumar.PreworkTests";
				PRODUCT_NAME = "$(TARGET_NAME)";
				SWIFT_VERSION = 5.0;
				TARGETED_DEVICE_FAMILY = "1,2";
				TEST_HOST = "$(BUILT_PRODUCTS_DIR)/Prework.app/Prework";
			};
			name = Debug;
		};
		C8A47B0625A96BD5001350F1 /* Release */ = {
			isa = XCBuildConfiguration;
			buildSettings = {
				ALWAYS_EMBED_SWIFT_STANDARD_LIBRARIES = YES;
				BUNDLE_LOADER = "$(TEST_HOST)";
				CODE_SIGN_STYLE = Automatic;
				INFOPLIST_FILE = PreworkTests/Info.plist;
				IPHONEOS_DEPLOYMENT_TARGET = 14.3;
				LD_RUNPATH_SEARCH_PATHS = (
					"$(inherited)",
					"@executable_path/Frameworks",
					"@loader_path/Frameworks",
				);
				PRODUCT_BUNDLE_IDENTIFIER = "Manraj-Kumar.PreworkTests";
				PRODUCT_NAME = "$(TARGET_NAME)";
				SWIFT_VERSION = 5.0;
				TARGETED_DEVICE_FAMILY = "1,2";
				TEST_HOST = "$(BUILT_PRODUCTS_DIR)/Prework.app/Prework";
			};
			name = Release;
		};
		C8A47B0825A96BD5001350F1 /* Debug */ = {
			isa = XCBuildConfiguration;
			buildSettings = {
				ALWAYS_EMBED_SWIFT_STANDARD_LIBRARIES = YES;
				CODE_SIGN_STYLE = Automatic;
				INFOPLIST_FILE = PreworkUITests/Info.plist;
				LD_RUNPATH_SEARCH_PATHS = (
					"$(inherited)",
					"@executable_path/Frameworks",
					"@loader_path/Frameworks",
				);
				PRODUCT_BUNDLE_IDENTIFIER = "Manraj-Kumar.PreworkUITests";
				PRODUCT_NAME = "$(TARGET_NAME)";
				SWIFT_VERSION = 5.0;
				TARGETED_DEVICE_FAMILY = "1,2";
				TEST_TARGET_NAME = Prework;
			};
			name = Debug;
		};
		C8A47B0925A96BD5001350F1 /* Release */ = {
			isa = XCBuildConfiguration;
			buildSettings = {
				ALWAYS_EMBED_SWIFT_STANDARD_LIBRARIES = YES;
				CODE_SIGN_STYLE = Automatic;
				INFOPLIST_FILE = PreworkUITests/Info.plist;
				LD_RUNPATH_SEARCH_PATHS = (
					"$(inherited)",
					"@executable_path/Frameworks",
					"@loader_path/Frameworks",
				);
				PRODUCT_BUNDLE_IDENTIFIER = "Manraj-Kumar.PreworkUITests";
				PRODUCT_NAME = "$(TARGET_NAME)";
				SWIFT_VERSION = 5.0;
				TARGETED_DEVICE_FAMILY = "1,2";
				TEST_TARGET_NAME = Prework;
			};
			name = Release;
		};
/* End XCBuildConfiguration section */

/* Begin XCConfigurationList section */
		C8A47AD225A96BD4001350F1 /* Build configuration list for PBXProject "Prework" */ = {
			isa = XCConfigurationList;
			buildConfigurations = (
				C8A47AFF25A96BD5001350F1 /* Debug */,
				C8A47B0025A96BD5001350F1 /* Release */,
			);
			defaultConfigurationIsVisible = 0;
			defaultConfigurationName = Release;
		};
		C8A47B0125A96BD5001350F1 /* Build configuration list for PBXNativeTarget "Prework" */ = {
			isa = XCConfigurationList;
			buildConfigurations = (
				C8A47B0225A96BD5001350F1 /* Debug */,
				C8A47B0325A96BD5001350F1 /* Release */,
			);
			defaultConfigurationIsVisible = 0;
			defaultConfigurationName = Release;
		};
		C8A47B0425A96BD5001350F1 /* Build configuration list for PBXNativeTarget "PreworkTests" */ = {
			isa = XCConfigurationList;
			buildConfigurations = (
				C8A47B0525A96BD5001350F1 /* Debug */,
				C8A47B0625A96BD5001350F1 /* Release */,
			);
			defaultConfigurationIsVisible = 0;
			defaultConfigurationName = Release;
		};
		C8A47B0725A96BD5001350F1 /* Build configuration list for PBXNativeTarget "PreworkUITests" */ = {
			isa = XCConfigurationList;
			buildConfigurations = (
				C8A47B0825A96BD5001350F1 /* Debug */,
				C8A47B0925A96BD5001350F1 /* Release */,
			);
			defaultConfigurationIsVisible = 0;
			defaultConfigurationName = Release;
		};
/* End XCConfigurationList section */
	};
	rootObject = C8A47ACF25A96BD4001350F1 /* Project object */;
}
